// !$*UTF8*$!
{
	archiveVersion = 1;
	classes = {
	};
	objectVersion = 56;
	objects = {

/* Begin PBXBuildFile section */
		12CAAD5B2935073900621D87 /* AppDelegate.swift in Sources */ = {isa = PBXBuildFile; fileRef = 12CAAD5A2935073900621D87 /* AppDelegate.swift */; };
		12CAAD5D2935073900621D87 /* SceneDelegate.swift in Sources */ = {isa = PBXBuildFile; fileRef = 12CAAD5C2935073900621D87 /* SceneDelegate.swift */; };
		12CAAD5F2935073900621D87 /* HomeViewController.swift in Sources */ = {isa = PBXBuildFile; fileRef = 12CAAD5E2935073900621D87 /* HomeViewController.swift */; };
		12CAAD622935073900621D87 /* Main.storyboard in Resources */ = {isa = PBXBuildFile; fileRef = 12CAAD602935073900621D87 /* Main.storyboard */; };
		12CAAD642935073B00621D87 /* Assets.xcassets in Resources */ = {isa = PBXBuildFile; fileRef = 12CAAD632935073B00621D87 /* Assets.xcassets */; };
		12CAAD672935073B00621D87 /* LaunchScreen.storyboard in Resources */ = {isa = PBXBuildFile; fileRef = 12CAAD652935073B00621D87 /* LaunchScreen.storyboard */; };
		12CAAD742935112400621D87 /* Item.swift in Sources */ = {isa = PBXBuildFile; fileRef = 12CAAD732935112400621D87 /* Item.swift */; };
		12CAAD762935114300621D87 /* Section.swift in Sources */ = {isa = PBXBuildFile; fileRef = 12CAAD752935114300621D87 /* Section.swift */; };
		12CAAD7D2935175B00621D87 /* DetailView.storyboard in Resources */ = {isa = PBXBuildFile; fileRef = 12CAAD7B2935175B00621D87 /* DetailView.storyboard */; };
		12CAAD7F2935184E00621D87 /* DetailViewController.swift in Sources */ = {isa = PBXBuildFile; fileRef = 12CAAD7E2935184E00621D87 /* DetailViewController.swift */; };
/* End PBXBuildFile section */

/* Begin PBXFileReference section */
		12CAAD572935073900621D87 /* EventAppCompositionalLayout.app */ = {isa = PBXFileReference; explicitFileType = wrapper.application; includeInIndex = 0; path = EventAppCompositionalLayout.app; sourceTree = BUILT_PRODUCTS_DIR; };
		12CAAD5A2935073900621D87 /* AppDelegate.swift */ = {isa = PBXFileReference; lastKnownFileType = sourcecode.swift; path = AppDelegate.swift; sourceTree = "<group>"; };
		12CAAD5C2935073900621D87 /* SceneDelegate.swift */ = {isa = PBXFileReference; lastKnownFileType = sourcecode.swift; path = SceneDelegate.swift; sourceTree = "<group>"; };
		12CAAD5E2935073900621D87 /* HomeViewController.swift */ = {isa = PBXFileReference; lastKnownFileType = sourcecode.swift; path = HomeViewController.swift; sourceTree = "<group>"; };
		12CAAD612935073900621D87 /* Base */ = {isa = PBXFileReference; lastKnownFileType = file.storyboard; name = Base; path = Base.lproj/Main.storyboard; sourceTree = "<group>"; };
		12CAAD632935073B00621D87 /* Assets.xcassets */ = {isa = PBXFileReference; lastKnownFileType = folder.assetcatalog; path = Assets.xcassets; sourceTree = "<group>"; };
		12CAAD662935073B00621D87 /* Base */ = {isa = PBXFileReference; lastKnownFileType = file.storyboard; name = Base; path = Base.lproj/LaunchScreen.storyboard; sourceTree = "<group>"; };
		12CAAD682935073B00621D87 /* Info.plist */ = {isa = PBXFileReference; lastKnownFileType = text.plist.xml; path = Info.plist; sourceTree = "<group>"; };
		12CAAD732935112400621D87 /* Item.swift */ = {isa = PBXFileReference; lastKnownFileType = sourcecode.swift; path = Item.swift; sourceTree = "<group>"; };
		12CAAD752935114300621D87 /* Section.swift */ = {isa = PBXFileReference; lastKnownFileType = sourcecode.swift; path = Section.swift; sourceTree = "<group>"; };
		12CAAD7C2935175B00621D87 /* Base */ = {isa = PBXFileReference; lastKnownFileType = file.storyboard; name = Base; path = EventAppCompositionalLayout/Views/Base.lproj/DetailView.storyboard; sourceTree = "<group>"; };
		12CAAD7E2935184E00621D87 /* DetailViewController.swift */ = {isa = PBXFileReference; lastKnownFileType = sourcecode.swift; path = DetailViewController.swift; sourceTree = "<group>"; };
/* End PBXFileReference section */

/* Begin PBXFrameworksBuildPhase section */
		12CAAD542935073900621D87 /* Frameworks */ = {
			isa = PBXFrameworksBuildPhase;
			buildActionMask = 2147483647;
			files = (
			);
			runOnlyForDeploymentPostprocessing = 0;
		};
/* End PBXFrameworksBuildPhase section */

/* Begin PBXGroup section */
		12CAAD4E2935073900621D87 = {
			isa = PBXGroup;
			children = (
				12CAAD592935073900621D87 /* EventAppCompositionalLayout */,
				12CAAD582935073900621D87 /* Products */,
			);
			sourceTree = "<group>";
		};
		12CAAD582935073900621D87 /* Products */ = {
			isa = PBXGroup;
			children = (
				12CAAD572935073900621D87 /* EventAppCompositionalLayout.app */,
			);
			name = Products;
			sourceTree = "<group>";
		};
		12CAAD592935073900621D87 /* EventAppCompositionalLayout */ = {
			isa = PBXGroup;
			children = (
				12CAAD6E29350EB100621D87 /* App */,
				12CAAD7029350F5C00621D87 /* Models */,
				12CAAD6F29350F3E00621D87 /* Views */,
				12CAAD7229350FE900621D87 /* ViewControllers */,
				12CAAD7129350F8200621D87 /* Utilities */,
				12CAAD682935073B00621D87 /* Info.plist */,
			);
			path = EventAppCompositionalLayout;
			sourceTree = "<group>";
		};
		12CAAD6E29350EB100621D87 /* App */ = {
			isa = PBXGroup;
			children = (
				12CAAD5A2935073900621D87 /* AppDelegate.swift */,
				12CAAD5C2935073900621D87 /* SceneDelegate.swift */,
			);
			path = App;
			sourceTree = "<group>";
		};
		12CAAD6F29350F3E00621D87 /* Views */ = {
			isa = PBXGroup;
			children = (
				12CAAD7A293514A600621D87 /* Categories */,
				12CAAD792935149D00621D87 /* Latest */,
				12CAAD782935149100621D87 /* Recommended */,
				12CAAD772935147800621D87 /* Featured */,
				12CAAD652935073B00621D87 /* LaunchScreen.storyboard */,
				12CAAD602935073900621D87 /* Main.storyboard */,
				12CAAD7B2935175B00621D87 /* DetailView.storyboard */,
			);
			path = Views;
			sourceTree = "<group>";
		};
		12CAAD7029350F5C00621D87 /* Models */ = {
			isa = PBXGroup;
			children = (
				12CAAD732935112400621D87 /* Item.swift */,
				12CAAD752935114300621D87 /* Section.swift */,
			);
			path = Models;
			sourceTree = "<group>";
		};
		12CAAD7129350F8200621D87 /* Utilities */ = {
			isa = PBXGroup;
			children = (
				12CAAD632935073B00621D87 /* Assets.xcassets */,
			);
			path = Utilities;
			sourceTree = "<group>";
		};
		12CAAD7229350FE900621D87 /* ViewControllers */ = {
			isa = PBXGroup;
			children = (
				12CAAD5E2935073900621D87 /* HomeViewController.swift */,
				12CAAD7E2935184E00621D87 /* DetailViewController.swift */,
			);
			path = ViewControllers;
			sourceTree = "<group>";
		};
		12CAAD772935147800621D87 /* Featured */ = {
			isa = PBXGroup;
			children = (
			);
			path = Featured;
			sourceTree = "<group>";
		};
		12CAAD782935149100621D87 /* Recommended */ = {
			isa = PBXGroup;
			children = (
			);
			path = Recommended;
			sourceTree = "<group>";
		};
		12CAAD792935149D00621D87 /* Latest */ = {
			isa = PBXGroup;
			children = (
			);
			path = Latest;
			sourceTree = "<group>";
		};
		12CAAD7A293514A600621D87 /* Categories */ = {
			isa = PBXGroup;
			children = (
			);
			path = Categories;
			sourceTree = "<group>";
		};
/* End PBXGroup section */

/* Begin PBXNativeTarget section */
		12CAAD562935073900621D87 /* EventAppCompositionalLayout */ = {
			isa = PBXNativeTarget;
			buildConfigurationList = 12CAAD6B2935073B00621D87 /* Build configuration list for PBXNativeTarget "EventAppCompositionalLayout" */;
			buildPhases = (
				12CAAD532935073900621D87 /* Sources */,
				12CAAD542935073900621D87 /* Frameworks */,
				12CAAD552935073900621D87 /* Resources */,
			);
			buildRules = (
			);
			dependencies = (
			);
			name = EventAppCompositionalLayout;
			productName = EventAppCompositionalLayout;
			productReference = 12CAAD572935073900621D87 /* EventAppCompositionalLayout.app */;
			productType = "com.apple.product-type.application";
		};
/* End PBXNativeTarget section */

/* Begin PBXProject section */
		12CAAD4F2935073900621D87 /* Project object */ = {
			isa = PBXProject;
			attributes = {
				BuildIndependentTargetsInParallel = 1;
				LastSwiftUpdateCheck = 1400;
				LastUpgradeCheck = 1400;
				TargetAttributes = {
					12CAAD562935073900621D87 = {
						CreatedOnToolsVersion = 14.0.1;
					};
				};
			};
			buildConfigurationList = 12CAAD522935073900621D87 /* Build configuration list for PBXProject "EventAppCompositionalLayout" */;
			compatibilityVersion = "Xcode 14.0";
			developmentRegion = en;
			hasScannedForEncodings = 0;
			knownRegions = (
				en,
				Base,
			);
			mainGroup = 12CAAD4E2935073900621D87;
			productRefGroup = 12CAAD582935073900621D87 /* Products */;
			projectDirPath = "";
			projectRoot = "";
			targets = (
				12CAAD562935073900621D87 /* EventAppCompositionalLayout */,
			);
		};
/* End PBXProject section */

/* Begin PBXResourcesBuildPhase section */
		12CAAD552935073900621D87 /* Resources */ = {
			isa = PBXResourcesBuildPhase;
			buildActionMask = 2147483647;
			files = (
				12CAAD672935073B00621D87 /* LaunchScreen.storyboard in Resources */,
				12CAAD642935073B00621D87 /* Assets.xcassets in Resources */,
				12CAAD7D2935175B00621D87 /* DetailView.storyboard in Resources */,
				12CAAD622935073900621D87 /* Main.storyboard in Resources */,
			);
			runOnlyForDeploymentPostprocessing = 0;
		};
/* End PBXResourcesBuildPhase section */

/* Begin PBXSourcesBuildPhase section */
		12CAAD532935073900621D87 /* Sources */ = {
			isa = PBXSourcesBuildPhase;
			buildActionMask = 2147483647;
			files = (
				12CAAD762935114300621D87 /* Section.swift in Sources */,
				12CAAD742935112400621D87 /* Item.swift in Sources */,
				12CAAD5F2935073900621D87 /* HomeViewController.swift in Sources */,
				12CAAD7F2935184E00621D87 /* DetailViewController.swift in Sources */,
				12CAAD5B2935073900621D87 /* AppDelegate.swift in Sources */,
				12CAAD5D2935073900621D87 /* SceneDelegate.swift in Sources */,
			);
			runOnlyForDeploymentPostprocessing = 0;
		};
/* End PBXSourcesBuildPhase section */

/* Begin PBXVariantGroup section */
		12CAAD602935073900621D87 /* Main.storyboard */ = {
			isa = PBXVariantGroup;
			children = (
				12CAAD612935073900621D87 /* Base */,
			);
			name = Main.storyboard;
			sourceTree = "<group>";
		};
		12CAAD652935073B00621D87 /* LaunchScreen.storyboard */ = {
			isa = PBXVariantGroup;
			children = (
				12CAAD662935073B00621D87 /* Base */,
			);
			name = LaunchScreen.storyboard;
			sourceTree = "<group>";
		};
		12CAAD7B2935175B00621D87 /* DetailView.storyboard */ = {
			isa = PBXVariantGroup;
			children = (
				12CAAD7C2935175B00621D87 /* Base */,
			);
			name = DetailView.storyboard;
			sourceTree = "<group>";
		};
/* End PBXVariantGroup section */

/* Begin XCBuildConfiguration section */
		12CAAD692935073B00621D87 /* Debug */ = {
			isa = XCBuildConfiguration;
			buildSettings = {
				ALWAYS_SEARCH_USER_PATHS = NO;
				CLANG_ANALYZER_NONNULL = YES;
				CLANG_ANALYZER_NUMBER_OBJECT_CONVERSION = YES_AGGRESSIVE;
				CLANG_CXX_LANGUAGE_STANDARD = "gnu++20";
				CLANG_ENABLE_MODULES = YES;
				CLANG_ENABLE_OBJC_ARC = YES;
				CLANG_ENABLE_OBJC_WEAK = YES;
				CLANG_WARN_BLOCK_CAPTURE_AUTORELEASING = YES;
				CLANG_WARN_BOOL_CONVERSION = YES;
				CLANG_WARN_COMMA = YES;
				CLANG_WARN_CONSTANT_CONVERSION = YES;
				CLANG_WARN_DEPRECATED_OBJC_IMPLEMENTATIONS = YES;
				CLANG_WARN_DIRECT_OBJC_ISA_USAGE = YES_ERROR;
				CLANG_WARN_DOCUMENTATION_COMMENTS = YES;
				CLANG_WARN_EMPTY_BODY = YES;
				CLANG_WARN_ENUM_CONVERSION = YES;
				CLANG_WARN_INFINITE_RECURSION = YES;
				CLANG_WARN_INT_CONVERSION = YES;
				CLANG_WARN_NON_LITERAL_NULL_CONVERSION = YES;
				CLANG_WARN_OBJC_IMPLICIT_RETAIN_SELF = YES;
				CLANG_WARN_OBJC_LITERAL_CONVERSION = YES;
				CLANG_WARN_OBJC_ROOT_CLASS = YES_ERROR;
				CLANG_WARN_QUOTED_INCLUDE_IN_FRAMEWORK_HEADER = YES;
				CLANG_WARN_RANGE_LOOP_ANALYSIS = YES;
				CLANG_WARN_STRICT_PROTOTYPES = YES;
				CLANG_WARN_SUSPICIOUS_MOVE = YES;
				CLANG_WARN_UNGUARDED_AVAILABILITY = YES_AGGRESSIVE;
				CLANG_WARN_UNREACHABLE_CODE = YES;
				CLANG_WARN__DUPLICATE_METHOD_MATCH = YES;
				COPY_PHASE_STRIP = NO;
				DEBUG_INFORMATION_FORMAT = dwarf;
				ENABLE_STRICT_OBJC_MSGSEND = YES;
				ENABLE_TESTABILITY = YES;
				GCC_C_LANGUAGE_STANDARD = gnu11;
				GCC_DYNAMIC_NO_PIC = NO;
				GCC_NO_COMMON_BLOCKS = YES;
				GCC_OPTIMIZATION_LEVEL = 0;
				GCC_PREPROCESSOR_DEFINITIONS = (
					"DEBUG=1",
					"$(inherited)",
				);
				GCC_WARN_64_TO_32_BIT_CONVERSION = YES;
				GCC_WARN_ABOUT_RETURN_TYPE = YES_ERROR;
				GCC_WARN_UNDECLARED_SELECTOR = YES;
				GCC_WARN_UNINITIALIZED_AUTOS = YES_AGGRESSIVE;
				GCC_WARN_UNUSED_FUNCTION = YES;
				GCC_WARN_UNUSED_VARIABLE = YES;
				IPHONEOS_DEPLOYMENT_TARGET = 16.0;
				MTL_ENABLE_DEBUG_INFO = INCLUDE_SOURCE;
				MTL_FAST_MATH = YES;
				ONLY_ACTIVE_ARCH = YES;
				SDKROOT = iphoneos;
				SWIFT_ACTIVE_COMPILATION_CONDITIONS = DEBUG;
				SWIFT_OPTIMIZATION_LEVEL = "-Onone";
			};
			name = Debug;
		};
		12CAAD6A2935073B00621D87 /* Release */ = {
			isa = XCBuildConfiguration;
			buildSettings = {
				ALWAYS_SEARCH_USER_PATHS = NO;
				CLANG_ANALYZER_NONNULL = YES;
				CLANG_ANALYZER_NUMBER_OBJECT_CONVERSION = YES_AGGRESSIVE;
				CLANG_CXX_LANGUAGE_STANDARD = "gnu++20";
				CLANG_ENABLE_MODULES = YES;
				CLANG_ENABLE_OBJC_ARC = YES;
				CLANG_ENABLE_OBJC_WEAK = YES;
				CLANG_WARN_BLOCK_CAPTURE_AUTORELEASING = YES;
				CLANG_WARN_BOOL_CONVERSION = YES;
				CLANG_WARN_COMMA = YES;
				CLANG_WARN_CONSTANT_CONVERSION = YES;
				CLANG_WARN_DEPRECATED_OBJC_IMPLEMENTATIONS = YES;
				CLANG_WARN_DIRECT_OBJC_ISA_USAGE = YES_ERROR;
				CLANG_WARN_DOCUMENTATION_COMMENTS = YES;
				CLANG_WARN_EMPTY_BODY = YES;
				CLANG_WARN_ENUM_CONVERSION = YES;
				CLANG_WARN_INFINITE_RECURSION = YES;
				CLANG_WARN_INT_CONVERSION = YES;
				CLANG_WARN_NON_LITERAL_NULL_CONVERSION = YES;
				CLANG_WARN_OBJC_IMPLICIT_RETAIN_SELF = YES;
				CLANG_WARN_OBJC_LITERAL_CONVERSION = YES;
				CLANG_WARN_OBJC_ROOT_CLASS = YES_ERROR;
				CLANG_WARN_QUOTED_INCLUDE_IN_FRAMEWORK_HEADER = YES;
				CLANG_WARN_RANGE_LOOP_ANALYSIS = YES;
				CLANG_WARN_STRICT_PROTOTYPES = YES;
				CLANG_WARN_SUSPICIOUS_MOVE = YES;
				CLANG_WARN_UNGUARDED_AVAILABILITY = YES_AGGRESSIVE;
				CLANG_WARN_UNREACHABLE_CODE = YES;
				CLANG_WARN__DUPLICATE_METHOD_MATCH = YES;
				COPY_PHASE_STRIP = NO;
				DEBUG_INFORMATION_FORMAT = "dwarf-with-dsym";
				ENABLE_NS_ASSERTIONS = NO;
				ENABLE_STRICT_OBJC_MSGSEND = YES;
				GCC_C_LANGUAGE_STANDARD = gnu11;
				GCC_NO_COMMON_BLOCKS = YES;
				GCC_WARN_64_TO_32_BIT_CONVERSION = YES;
				GCC_WARN_ABOUT_RETURN_TYPE = YES_ERROR;
				GCC_WARN_UNDECLARED_SELECTOR = YES;
				GCC_WARN_UNINITIALIZED_AUTOS = YES_AGGRESSIVE;
				GCC_WARN_UNUSED_FUNCTION = YES;
				GCC_WARN_UNUSED_VARIABLE = YES;
				IPHONEOS_DEPLOYMENT_TARGET = 16.0;
				MTL_ENABLE_DEBUG_INFO = NO;
				MTL_FAST_MATH = YES;
				SDKROOT = iphoneos;
				SWIFT_COMPILATION_MODE = wholemodule;
				SWIFT_OPTIMIZATION_LEVEL = "-O";
				VALIDATE_PRODUCT = YES;
			};
			name = Release;
		};
		12CAAD6C2935073B00621D87 /* Debug */ = {
			isa = XCBuildConfiguration;
			buildSettings = {
				ASSETCATALOG_COMPILER_APPICON_NAME = AppIcon;
				ASSETCATALOG_COMPILER_GLOBAL_ACCENT_COLOR_NAME = AccentColor;
				CODE_SIGN_STYLE = Automatic;
				CURRENT_PROJECT_VERSION = 1;
				GENERATE_INFOPLIST_FILE = YES;
				INFOPLIST_FILE = EventAppCompositionalLayout/Info.plist;
				INFOPLIST_KEY_UIApplicationSupportsIndirectInputEvents = YES;
				INFOPLIST_KEY_UILaunchStoryboardName = LaunchScreen;
				INFOPLIST_KEY_UIMainStoryboardFile = Main;
				INFOPLIST_KEY_UISupportedInterfaceOrientations_iPad = "UIInterfaceOrientationPortrait UIInterfaceOrientationPortraitUpsideDown UIInterfaceOrientationLandscapeLeft UIInterfaceOrientationLandscapeRight";
				INFOPLIST_KEY_UISupportedInterfaceOrientations_iPhone = "UIInterfaceOrientationPortrait UIInterfaceOrientationLandscapeLeft UIInterfaceOrientationLandscapeRight";
				LD_RUNPATH_SEARCH_PATHS = (
					"$(inherited)",
					"@executable_path/Frameworks",
				);
				MARKETING_VERSION = 1.0;
				PRODUCT_BUNDLE_IDENTIFIER = com.daesy.EventAppCompositionalLayout;
				PRODUCT_NAME = "$(TARGET_NAME)";
				SWIFT_EMIT_LOC_STRINGS = YES;
				SWIFT_VERSION = 5.0;
				TARGETED_DEVICE_FAMILY = "1,2";
			};
			name = Debug;
		};
		12CAAD6D2935073B00621D87 /* Release */ = {
			isa = XCBuildConfiguration;
			buildSettings = {
				ASSETCATALOG_COMPILER_APPICON_NAME = AppIcon;
				ASSETCATALOG_COMPILER_GLOBAL_ACCENT_COLOR_NAME = AccentColor;
				CODE_SIGN_STYLE = Automatic;
				CURRENT_PROJECT_VERSION = 1;
				GENERATE_INFOPLIST_FILE = YES;
				INFOPLIST_FILE = EventAppCompositionalLayout/Info.plist;
				INFOPLIST_KEY_UIApplicationSupportsIndirectInputEvents = YES;
				INFOPLIST_KEY_UILaunchStoryboardName = LaunchScreen;
				INFOPLIST_KEY_UIMainStoryboardFile = Main;
				INFOPLIST_KEY_UISupportedInterfaceOrientations_iPad = "UIInterfaceOrientationPortrait UIInterfaceOrientationPortraitUpsideDown UIInterfaceOrientationLandscapeLeft UIInterfaceOrientationLandscapeRight";
				INFOPLIST_KEY_UISupportedInterfaceOrientations_iPhone = "UIInterfaceOrientationPortrait UIInterfaceOrientationLandscapeLeft UIInterfaceOrientationLandscapeRight";
				LD_RUNPATH_SEARCH_PATHS = (
					"$(inherited)",
					"@executable_path/Frameworks",
				);
				MARKETING_VERSION = 1.0;
				PRODUCT_BUNDLE_IDENTIFIER = com.daesy.EventAppCompositionalLayout;
				PRODUCT_NAME = "$(TARGET_NAME)";
				SWIFT_EMIT_LOC_STRINGS = YES;
				SWIFT_VERSION = 5.0;
				TARGETED_DEVICE_FAMILY = "1,2";
			};
			name = Release;
		};
/* End XCBuildConfiguration section */

/* Begin XCConfigurationList section */
		12CAAD522935073900621D87 /* Build configuration list for PBXProject "EventAppCompositionalLayout" */ = {
			isa = XCConfigurationList;
			buildConfigurations = (
				12CAAD692935073B00621D87 /* Debug */,
				12CAAD6A2935073B00621D87 /* Release */,
			);
			defaultConfigurationIsVisible = 0;
			defaultConfigurationName = Release;
		};
		12CAAD6B2935073B00621D87 /* Build configuration list for PBXNativeTarget "EventAppCompositionalLayout" */ = {
			isa = XCConfigurationList;
			buildConfigurations = (
				12CAAD6C2935073B00621D87 /* Debug */,
				12CAAD6D2935073B00621D87 /* Release */,
			);
			defaultConfigurationIsVisible = 0;
			defaultConfigurationName = Release;
		};
/* End XCConfigurationList section */
	};
	rootObject = 12CAAD4F2935073900621D87 /* Project object */;
}
